// !$*UTF8*$!
{
	archiveVersion = 1;
	classes = {
	};
	objectVersion = 51;
	objects = {

/* Begin PBXBuildFile section */
		44D02F3E14FA8DDF92B2F881 /* Pods_BloodSystem.framework in Frameworks */ = {isa = PBXBuildFile; fileRef = 44C20402BCA06E20B7CCF31E /* Pods_BloodSystem.framework */; };
		D715B9EC24DA16C600CFCEB0 /* AppDelegate.swift in Sources */ = {isa = PBXBuildFile; fileRef = D715B9EB24DA16C600CFCEB0 /* AppDelegate.swift */; };
		D715B9EE24DA16C600CFCEB0 /* SceneDelegate.swift in Sources */ = {isa = PBXBuildFile; fileRef = D715B9ED24DA16C600CFCEB0 /* SceneDelegate.swift */; };
		D715B9F024DA16C600CFCEB0 /* HomeVC.swift in Sources */ = {isa = PBXBuildFile; fileRef = D715B9EF24DA16C600CFCEB0 /* HomeVC.swift */; };
		D715B9F324DA16C600CFCEB0 /* Main.storyboard in Resources */ = {isa = PBXBuildFile; fileRef = D715B9F124DA16C600CFCEB0 /* Main.storyboard */; };
		D715B9F624DA16C600CFCEB0 /* BloodSystem.xcdatamodeld in Sources */ = {isa = PBXBuildFile; fileRef = D715B9F424DA16C600CFCEB0 /* BloodSystem.xcdatamodeld */; };
		D715B9F824DA16CB00CFCEB0 /* Assets.xcassets in Resources */ = {isa = PBXBuildFile; fileRef = D715B9F724DA16CB00CFCEB0 /* Assets.xcassets */; };
		D715B9FB24DA16CB00CFCEB0 /* LaunchScreen.storyboard in Resources */ = {isa = PBXBuildFile; fileRef = D715B9F924DA16CB00CFCEB0 /* LaunchScreen.storyboard */; };
		D715BA0824DA18AE00CFCEB0 /* Cairo-Regular.ttf in Resources */ = {isa = PBXBuildFile; fileRef = D715BA0324DA18AD00CFCEB0 /* Cairo-Regular.ttf */; };
		D715BA0924DA18AE00CFCEB0 /* Cairo-ExtraLight.ttf in Resources */ = {isa = PBXBuildFile; fileRef = D715BA0424DA18AD00CFCEB0 /* Cairo-ExtraLight.ttf */; };
		D715BA0A24DA18AE00CFCEB0 /* Cairo-Black.ttf in Resources */ = {isa = PBXBuildFile; fileRef = D715BA0524DA18AE00CFCEB0 /* Cairo-Black.ttf */; };
		D715BA0B24DA18AE00CFCEB0 /* Cairo-Light.ttf in Resources */ = {isa = PBXBuildFile; fileRef = D715BA0624DA18AE00CFCEB0 /* Cairo-Light.ttf */; };
		D715BA0C24DA18AE00CFCEB0 /* Cairo-Bold.ttf in Resources */ = {isa = PBXBuildFile; fileRef = D715BA0724DA18AE00CFCEB0 /* Cairo-Bold.ttf */; };
		D715BA0E24DA18B300CFCEB0 /* Cairo-SemiBold.ttf in Resources */ = {isa = PBXBuildFile; fileRef = D715BA0D24DA18B300CFCEB0 /* Cairo-SemiBold.ttf */; };
		D715BA1024DA1A6D00CFCEB0 /* DesignButton.swift in Sources */ = {isa = PBXBuildFile; fileRef = D715BA0F24DA1A6D00CFCEB0 /* DesignButton.swift */; };
		D715BA1224DA203300CFCEB0 /* LoginVC.swift in Sources */ = {isa = PBXBuildFile; fileRef = D715BA1124DA203300CFCEB0 /* LoginVC.swift */; };
		D715BA1424DA225F00CFCEB0 /* BaseViewController.swift in Sources */ = {isa = PBXBuildFile; fileRef = D715BA1324DA225F00CFCEB0 /* BaseViewController.swift */; };
		D715BA1924DA230E00CFCEB0 /* NetworkManager.swift in Sources */ = {isa = PBXBuildFile; fileRef = D715BA1824DA230E00CFCEB0 /* NetworkManager.swift */; };
		D715BA1C24DA234900CFCEB0 /* LoginModel.swift in Sources */ = {isa = PBXBuildFile; fileRef = D715BA1B24DA234900CFCEB0 /* LoginModel.swift */; };
		D715BA1E24DA237C00CFCEB0 /* LoginHospital.swift in Sources */ = {isa = PBXBuildFile; fileRef = D715BA1D24DA237C00CFCEB0 /* LoginHospital.swift */; };
		D715BA2024DA239B00CFCEB0 /* RegisterModel.swift in Sources */ = {isa = PBXBuildFile; fileRef = D715BA1F24DA239B00CFCEB0 /* RegisterModel.swift */; };
		D715BA2224DA23EB00CFCEB0 /* Toast.swift in Sources */ = {isa = PBXBuildFile; fileRef = D715BA2124DA23EB00CFCEB0 /* Toast.swift */; };
		D715BA2424DA26FE00CFCEB0 /* RegisterVC.swift in Sources */ = {isa = PBXBuildFile; fileRef = D715BA2324DA26FE00CFCEB0 /* RegisterVC.swift */; };
		D715BA2624DA33DC00CFCEB0 /* LocationVC.swift in Sources */ = {isa = PBXBuildFile; fileRef = D715BA2524DA33DC00CFCEB0 /* LocationVC.swift */; };
		D715BA2824DA36BE00CFCEB0 /* HomeLocationVC.swift in Sources */ = {isa = PBXBuildFile; fileRef = D715BA2724DA36BE00CFCEB0 /* HomeLocationVC.swift */; };
		D715BA2A24DA377300CFCEB0 /* PatientVC.swift in Sources */ = {isa = PBXBuildFile; fileRef = D715BA2924DA377300CFCEB0 /* PatientVC.swift */; };
		D715BA2C24DA381600CFCEB0 /* DonorVC.swift in Sources */ = {isa = PBXBuildFile; fileRef = D715BA2B24DA381600CFCEB0 /* DonorVC.swift */; };
		D715BA2E24DA4BF200CFCEB0 /* FirstType.swift in Sources */ = {isa = PBXBuildFile; fileRef = D715BA2D24DA4BF200CFCEB0 /* FirstType.swift */; };
		D715BA3024DA4C0100CFCEB0 /* SecondType.swift in Sources */ = {isa = PBXBuildFile; fileRef = D715BA2F24DA4C0100CFCEB0 /* SecondType.swift */; };
		D715BA3224DA4CB200CFCEB0 /* HospitalsModel.swift in Sources */ = {isa = PBXBuildFile; fileRef = D715BA3124DA4CB100CFCEB0 /* HospitalsModel.swift */; };
		D715BA3424DA57DD00CFCEB0 /* Hospital.storyboard in Resources */ = {isa = PBXBuildFile; fileRef = D715BA3324DA57DD00CFCEB0 /* Hospital.storyboard */; };
		D715BA3624DA58AA00CFCEB0 /* LoginHospitalVC.swift in Sources */ = {isa = PBXBuildFile; fileRef = D715BA3524DA58AA00CFCEB0 /* LoginHospitalVC.swift */; };
		D7321A2724DB098000CC109A /* UPload.swift in Sources */ = {isa = PBXBuildFile; fileRef = D7321A2624DB098000CC109A /* UPload.swift */; };
		D7321A2924DB0DC900CC109A /* TESTVC.swift in Sources */ = {isa = PBXBuildFile; fileRef = D7321A2824DB0DC900CC109A /* TESTVC.swift */; };
		D7321A2B24DB103A00CC109A /* GoogleService-Info.plist in Resources */ = {isa = PBXBuildFile; fileRef = D7321A2A24DB103900CC109A /* GoogleService-Info.plist */; };
		D77FD33C24DA64AB00FC067B /* HomeHospitalVC.swift in Sources */ = {isa = PBXBuildFile; fileRef = D77FD33B24DA64AB00FC067B /* HomeHospitalVC.swift */; };
		D77FD33E24DA6E2200FC067B /* StartVC.swift in Sources */ = {isa = PBXBuildFile; fileRef = D77FD33D24DA6E2200FC067B /* StartVC.swift */; };
		D77FD34024DA759A00FC067B /* EditVC.swift in Sources */ = {isa = PBXBuildFile; fileRef = D77FD33F24DA759A00FC067B /* EditVC.swift */; };
		D77FD34224DA77BA00FC067B /* NetworkHelper.swift in Sources */ = {isa = PBXBuildFile; fileRef = D77FD34124DA77BA00FC067B /* NetworkHelper.swift */; };
		D77FD34424DA7C2500FC067B /* UploadVC.swift in Sources */ = {isa = PBXBuildFile; fileRef = D77FD34324DA7C2500FC067B /* UploadVC.swift */; };
/* End PBXBuildFile section */

/* Begin PBXFileReference section */
		3B96514D6C40B5A66266AAD3 /* Pods-BloodSystem.release.xcconfig */ = {isa = PBXFileReference; includeInIndex = 1; lastKnownFileType = text.xcconfig; name = "Pods-BloodSystem.release.xcconfig"; path = "Target Support Files/Pods-BloodSystem/Pods-BloodSystem.release.xcconfig"; sourceTree = "<group>"; };
		44C20402BCA06E20B7CCF31E /* Pods_BloodSystem.framework */ = {isa = PBXFileReference; explicitFileType = wrapper.framework; includeInIndex = 0; path = Pods_BloodSystem.framework; sourceTree = BUILT_PRODUCTS_DIR; };
		95614F8097EF17B856047F3B /* Pods-BloodSystem.debug.xcconfig */ = {isa = PBXFileReference; includeInIndex = 1; lastKnownFileType = text.xcconfig; name = "Pods-BloodSystem.debug.xcconfig"; path = "Target Support Files/Pods-BloodSystem/Pods-BloodSystem.debug.xcconfig"; sourceTree = "<group>"; };
		D715B9E824DA16C600CFCEB0 /* BloodSystem.app */ = {isa = PBXFileReference; explicitFileType = wrapper.application; includeInIndex = 0; path = BloodSystem.app; sourceTree = BUILT_PRODUCTS_DIR; };
		D715B9EB24DA16C600CFCEB0 /* AppDelegate.swift */ = {isa = PBXFileReference; lastKnownFileType = sourcecode.swift; path = AppDelegate.swift; sourceTree = "<group>"; };
		D715B9ED24DA16C600CFCEB0 /* SceneDelegate.swift */ = {isa = PBXFileReference; lastKnownFileType = sourcecode.swift; path = SceneDelegate.swift; sourceTree = "<group>"; };
		D715B9EF24DA16C600CFCEB0 /* HomeVC.swift */ = {isa = PBXFileReference; lastKnownFileType = sourcecode.swift; path = HomeVC.swift; sourceTree = "<group>"; };
		D715B9F224DA16C600CFCEB0 /* Base */ = {isa = PBXFileReference; lastKnownFileType = file.storyboard; name = Base; path = Base.lproj/Main.storyboard; sourceTree = "<group>"; };
		D715B9F524DA16C600CFCEB0 /* BloodSystem.xcdatamodel */ = {isa = PBXFileReference; lastKnownFileType = wrapper.xcdatamodel; path = BloodSystem.xcdatamodel; sourceTree = "<group>"; };
		D715B9F724DA16CB00CFCEB0 /* Assets.xcassets */ = {isa = PBXFileReference; lastKnownFileType = folder.assetcatalog; path = Assets.xcassets; sourceTree = "<group>"; };
		D715B9FA24DA16CB00CFCEB0 /* Base */ = {isa = PBXFileReference; lastKnownFileType = file.storyboard; name = Base; path = Base.lproj/LaunchScreen.storyboard; sourceTree = "<group>"; };
		D715B9FC24DA16CB00CFCEB0 /* Info.plist */ = {isa = PBXFileReference; lastKnownFileType = text.plist.xml; path = Info.plist; sourceTree = "<group>"; };
		D715BA0324DA18AD00CFCEB0 /* Cairo-Regular.ttf */ = {isa = PBXFileReference; lastKnownFileType = file; path = "Cairo-Regular.ttf"; sourceTree = "<group>"; };
		D715BA0424DA18AD00CFCEB0 /* Cairo-ExtraLight.ttf */ = {isa = PBXFileReference; lastKnownFileType = file; path = "Cairo-ExtraLight.ttf"; sourceTree = "<group>"; };
		D715BA0524DA18AE00CFCEB0 /* Cairo-Black.ttf */ = {isa = PBXFileReference; lastKnownFileType = file; path = "Cairo-Black.ttf"; sourceTree = "<group>"; };
		D715BA0624DA18AE00CFCEB0 /* Cairo-Light.ttf */ = {isa = PBXFileReference; lastKnownFileType = file; path = "Cairo-Light.ttf"; sourceTree = "<group>"; };
		D715BA0724DA18AE00CFCEB0 /* Cairo-Bold.ttf */ = {isa = PBXFileReference; lastKnownFileType = file; path = "Cairo-Bold.ttf"; sourceTree = "<group>"; };
		D715BA0D24DA18B300CFCEB0 /* Cairo-SemiBold.ttf */ = {isa = PBXFileReference; lastKnownFileType = file; path = "Cairo-SemiBold.ttf"; sourceTree = "<group>"; };
		D715BA0F24DA1A6D00CFCEB0 /* DesignButton.swift */ = {isa = PBXFileReference; lastKnownFileType = sourcecode.swift; path = DesignButton.swift; sourceTree = "<group>"; };
		D715BA1124DA203300CFCEB0 /* LoginVC.swift */ = {isa = PBXFileReference; lastKnownFileType = sourcecode.swift; path = LoginVC.swift; sourceTree = "<group>"; };
		D715BA1324DA225F00CFCEB0 /* BaseViewController.swift */ = {isa = PBXFileReference; lastKnownFileType = sourcecode.swift; path = BaseViewController.swift; sourceTree = "<group>"; };
		D715BA1824DA230E00CFCEB0 /* NetworkManager.swift */ = {isa = PBXFileReference; lastKnownFileType = sourcecode.swift; path = NetworkManager.swift; sourceTree = "<group>"; };
		D715BA1B24DA234900CFCEB0 /* LoginModel.swift */ = {isa = PBXFileReference; lastKnownFileType = sourcecode.swift; path = LoginModel.swift; sourceTree = "<group>"; };
		D715BA1D24DA237C00CFCEB0 /* LoginHospital.swift */ = {isa = PBXFileReference; lastKnownFileType = sourcecode.swift; path = LoginHospital.swift; sourceTree = "<group>"; };
		D715BA1F24DA239B00CFCEB0 /* RegisterModel.swift */ = {isa = PBXFileReference; lastKnownFileType = sourcecode.swift; path = RegisterModel.swift; sourceTree = "<group>"; };
		D715BA2124DA23EB00CFCEB0 /* Toast.swift */ = {isa = PBXFileReference; lastKnownFileType = sourcecode.swift; path = Toast.swift; sourceTree = "<group>"; };
		D715BA2324DA26FE00CFCEB0 /* RegisterVC.swift */ = {isa = PBXFileReference; lastKnownFileType = sourcecode.swift; path = RegisterVC.swift; sourceTree = "<group>"; };
		D715BA2524DA33DC00CFCEB0 /* LocationVC.swift */ = {isa = PBXFileReference; lastKnownFileType = sourcecode.swift; path = LocationVC.swift; sourceTree = "<group>"; };
		D715BA2724DA36BE00CFCEB0 /* HomeLocationVC.swift */ = {isa = PBXFileReference; lastKnownFileType = sourcecode.swift; path = HomeLocationVC.swift; sourceTree = "<group>"; };
		D715BA2924DA377300CFCEB0 /* PatientVC.swift */ = {isa = PBXFileReference; lastKnownFileType = sourcecode.swift; path = PatientVC.swift; sourceTree = "<group>"; };
		D715BA2B24DA381600CFCEB0 /* DonorVC.swift */ = {isa = PBXFileReference; lastKnownFileType = sourcecode.swift; path = DonorVC.swift; sourceTree = "<group>"; };
		D715BA2D24DA4BF200CFCEB0 /* FirstType.swift */ = {isa = PBXFileReference; lastKnownFileType = sourcecode.swift; path = FirstType.swift; sourceTree = "<group>"; };
		D715BA2F24DA4C0100CFCEB0 /* SecondType.swift */ = {isa = PBXFileReference; lastKnownFileType = sourcecode.swift; path = SecondType.swift; sourceTree = "<group>"; };
		D715BA3124DA4CB100CFCEB0 /* HospitalsModel.swift */ = {isa = PBXFileReference; lastKnownFileType = sourcecode.swift; path = HospitalsModel.swift; sourceTree = "<group>"; };
		D715BA3324DA57DD00CFCEB0 /* Hospital.storyboard */ = {isa = PBXFileReference; lastKnownFileType = file.storyboard; path = Hospital.storyboard; sourceTree = "<group>"; };
		D715BA3524DA58AA00CFCEB0 /* LoginHospitalVC.swift */ = {isa = PBXFileReference; lastKnownFileType = sourcecode.swift; path = LoginHospitalVC.swift; sourceTree = "<group>"; };
		D7321A2624DB098000CC109A /* UPload.swift */ = {isa = PBXFileReference; lastKnownFileType = sourcecode.swift; path = UPload.swift; sourceTree = "<group>"; };
		D7321A2824DB0DC900CC109A /* TESTVC.swift */ = {isa = PBXFileReference; lastKnownFileType = sourcecode.swift; path = TESTVC.swift; sourceTree = "<group>"; };
		D7321A2A24DB103900CC109A /* GoogleService-Info.plist */ = {isa = PBXFileReference; fileEncoding = 4; lastKnownFileType = text.plist.xml; path = "GoogleService-Info.plist"; sourceTree = "<group>"; };
		D77FD33B24DA64AB00FC067B /* HomeHospitalVC.swift */ = {isa = PBXFileReference; lastKnownFileType = sourcecode.swift; path = HomeHospitalVC.swift; sourceTree = "<group>"; };
		D77FD33D24DA6E2200FC067B /* StartVC.swift */ = {isa = PBXFileReference; lastKnownFileType = sourcecode.swift; path = StartVC.swift; sourceTree = "<group>"; };
		D77FD33F24DA759A00FC067B /* EditVC.swift */ = {isa = PBXFileReference; lastKnownFileType = sourcecode.swift; path = EditVC.swift; sourceTree = "<group>"; };
		D77FD34124DA77BA00FC067B /* NetworkHelper.swift */ = {isa = PBXFileReference; lastKnownFileType = sourcecode.swift; path = NetworkHelper.swift; sourceTree = "<group>"; };
		D77FD34324DA7C2500FC067B /* UploadVC.swift */ = {isa = PBXFileReference; lastKnownFileType = sourcecode.swift; path = UploadVC.swift; sourceTree = "<group>"; };
/* End PBXFileReference section */

/* Begin PBXFrameworksBuildPhase section */
		D715B9E524DA16C600CFCEB0 /* Frameworks */ = {
			isa = PBXFrameworksBuildPhase;
			buildActionMask = 2147483647;
			files = (
				44D02F3E14FA8DDF92B2F881 /* Pods_BloodSystem.framework in Frameworks */,
			);
			runOnlyForDeploymentPostprocessing = 0;
		};
/* End PBXFrameworksBuildPhase section */

/* Begin PBXGroup section */
		22DA3C97B5DDC11EF946C7BA /* Pods */ = {
			isa = PBXGroup;
			children = (
				95614F8097EF17B856047F3B /* Pods-BloodSystem.debug.xcconfig */,
				3B96514D6C40B5A66266AAD3 /* Pods-BloodSystem.release.xcconfig */,
			);
			path = Pods;
			sourceTree = "<group>";
		};
		D4A7CE7C2CB63D328FBBEF98 /* Frameworks */ = {
			isa = PBXGroup;
			children = (
				44C20402BCA06E20B7CCF31E /* Pods_BloodSystem.framework */,
			);
			name = Frameworks;
			sourceTree = "<group>";
		};
		D715B9DF24DA16C600CFCEB0 = {
			isa = PBXGroup;
			children = (
				D715B9EA24DA16C600CFCEB0 /* BloodSystem */,
				D715B9E924DA16C600CFCEB0 /* Products */,
				22DA3C97B5DDC11EF946C7BA /* Pods */,
				D4A7CE7C2CB63D328FBBEF98 /* Frameworks */,
			);
			sourceTree = "<group>";
		};
		D715B9E924DA16C600CFCEB0 /* Products */ = {
			isa = PBXGroup;
			children = (
				D715B9E824DA16C600CFCEB0 /* BloodSystem.app */,
			);
			name = Products;
			sourceTree = "<group>";
		};
		D715B9EA24DA16C600CFCEB0 /* BloodSystem */ = {
			isa = PBXGroup;
			children = (
				D7321A2A24DB103900CC109A /* GoogleService-Info.plist */,
				D715B9F924DA16CB00CFCEB0 /* LaunchScreen.storyboard */,
				D715B9EB24DA16C600CFCEB0 /* AppDelegate.swift */,
				D715B9ED24DA16C600CFCEB0 /* SceneDelegate.swift */,
				D715BA1724DA22CD00CFCEB0 /* Controller */,
				D715BA1624DA22C000CFCEB0 /* View */,
				D715B9F724DA16CB00CFCEB0 /* Assets.xcassets */,
				D715B9FC24DA16CB00CFCEB0 /* Info.plist */,
				D715BA1A24DA232B00CFCEB0 /* Model */,
				D715BA1524DA22B300CFCEB0 /* Helper */,
				D715B9F424DA16C600CFCEB0 /* BloodSystem.xcdatamodeld */,
			);
			path = BloodSystem;
			sourceTree = "<group>";
		};
		D715BA0224DA188400CFCEB0 /* Fonr */ = {
			isa = PBXGroup;
			children = (
				D715BA0524DA18AE00CFCEB0 /* Cairo-Black.ttf */,
				D715BA0D24DA18B300CFCEB0 /* Cairo-SemiBold.ttf */,
				D715BA0724DA18AE00CFCEB0 /* Cairo-Bold.ttf */,
				D715BA0424DA18AD00CFCEB0 /* Cairo-ExtraLight.ttf */,
				D715BA0624DA18AE00CFCEB0 /* Cairo-Light.ttf */,
				D715BA0324DA18AD00CFCEB0 /* Cairo-Regular.ttf */,
			);
			path = Fonr;
			sourceTree = "<group>";
		};
		D715BA1524DA22B300CFCEB0 /* Helper */ = {
			isa = PBXGroup;
			children = (
				D715BA0F24DA1A6D00CFCEB0 /* DesignButton.swift */,
				D715BA1324DA225F00CFCEB0 /* BaseViewController.swift */,
				D715BA2124DA23EB00CFCEB0 /* Toast.swift */,
				D77FD34124DA77BA00FC067B /* NetworkHelper.swift */,
				D715BA0224DA188400CFCEB0 /* Fonr */,
			);
			path = Helper;
			sourceTree = "<group>";
		};
		D715BA1624DA22C000CFCEB0 /* View */ = {
			isa = PBXGroup;
			children = (
				D715B9F124DA16C600CFCEB0 /* Main.storyboard */,
				D715BA3324DA57DD00CFCEB0 /* Hospital.storyboard */,
			);
			path = View;
			sourceTree = "<group>";
		};
		D715BA1724DA22CD00CFCEB0 /* Controller */ = {
			isa = PBXGroup;
			children = (
				D77FD33D24DA6E2200FC067B /* StartVC.swift */,
				D715B9EF24DA16C600CFCEB0 /* HomeVC.swift */,
				D715BA1124DA203300CFCEB0 /* LoginVC.swift */,
				D715BA2324DA26FE00CFCEB0 /* RegisterVC.swift */,
				D715BA2524DA33DC00CFCEB0 /* LocationVC.swift */,
				D715BA2724DA36BE00CFCEB0 /* HomeLocationVC.swift */,
				D715BA2924DA377300CFCEB0 /* PatientVC.swift */,
				D715BA2B24DA381600CFCEB0 /* DonorVC.swift */,
				D715BA2D24DA4BF200CFCEB0 /* FirstType.swift */,
				D715BA2F24DA4C0100CFCEB0 /* SecondType.swift */,
				D715BA3524DA58AA00CFCEB0 /* LoginHospitalVC.swift */,
				D77FD33B24DA64AB00FC067B /* HomeHospitalVC.swift */,
				D77FD33F24DA759A00FC067B /* EditVC.swift */,
				D77FD34324DA7C2500FC067B /* UploadVC.swift */,
				D7321A2824DB0DC900CC109A /* TESTVC.swift */,
			);
			path = Controller;
			sourceTree = "<group>";
		};
		D715BA1A24DA232B00CFCEB0 /* Model */ = {
			isa = PBXGroup;
			children = (
				D715BA1824DA230E00CFCEB0 /* NetworkManager.swift */,
				D715BA1B24DA234900CFCEB0 /* LoginModel.swift */,
				D715BA1D24DA237C00CFCEB0 /* LoginHospital.swift */,
				D715BA1F24DA239B00CFCEB0 /* RegisterModel.swift */,
				D715BA3124DA4CB100CFCEB0 /* HospitalsModel.swift */,
				D7321A2624DB098000CC109A /* UPload.swift */,
			);
			path = Model;
			sourceTree = "<group>";
		};
/* End PBXGroup section */

/* Begin PBXNativeTarget section */
		D715B9E724DA16C600CFCEB0 /* BloodSystem */ = {
			isa = PBXNativeTarget;
			buildConfigurationList = D715B9FF24DA16CB00CFCEB0 /* Build configuration list for PBXNativeTarget "BloodSystem" */;
			buildPhases = (
				9E07744B41E556ADF6457B05 /* [CP] Check Pods Manifest.lock */,
				D715B9E424DA16C600CFCEB0 /* Sources */,
				D715B9E524DA16C600CFCEB0 /* Frameworks */,
				D715B9E624DA16C600CFCEB0 /* Resources */,
				27390FA66F103C8E8FF33877 /* [CP] Embed Pods Frameworks */,
				9499F6D80084D35AC6A3B60D /* [CP] Copy Pods Resources */,
			);
			buildRules = (
			);
			dependencies = (
			);
			name = BloodSystem;
			productName = BloodSystem;
			productReference = D715B9E824DA16C600CFCEB0 /* BloodSystem.app */;
			productType = "com.apple.product-type.application";
		};
/* End PBXNativeTarget section */

/* Begin PBXProject section */
		D715B9E024DA16C600CFCEB0 /* Project object */ = {
			isa = PBXProject;
			attributes = {
				LastSwiftUpdateCheck = 1140;
				LastUpgradeCheck = 1140;
				ORGANIZATIONNAME = "Hany Karam";
				TargetAttributes = {
					D715B9E724DA16C600CFCEB0 = {
						CreatedOnToolsVersion = 11.4;
					};
				};
			};
			buildConfigurationList = D715B9E324DA16C600CFCEB0 /* Build configuration list for PBXProject "BloodSystem" */;
			compatibilityVersion = "Xcode 9.3";
			developmentRegion = en;
			hasScannedForEncodings = 0;
			knownRegions = (
				en,
				Base,
			);
			mainGroup = D715B9DF24DA16C600CFCEB0;
			productRefGroup = D715B9E924DA16C600CFCEB0 /* Products */;
			projectDirPath = "";
			projectRoot = "";
			targets = (
				D715B9E724DA16C600CFCEB0 /* BloodSystem */,
			);
		};
/* End PBXProject section */

/* Begin PBXResourcesBuildPhase section */
		D715B9E624DA16C600CFCEB0 /* Resources */ = {
			isa = PBXResourcesBuildPhase;
			buildActionMask = 2147483647;
			files = (
				D715B9FB24DA16CB00CFCEB0 /* LaunchScreen.storyboard in Resources */,
				D715BA0A24DA18AE00CFCEB0 /* Cairo-Black.ttf in Resources */,
				D715BA0E24DA18B300CFCEB0 /* Cairo-SemiBold.ttf in Resources */,
				D715BA0924DA18AE00CFCEB0 /* Cairo-ExtraLight.ttf in Resources */,
				D715BA3424DA57DD00CFCEB0 /* Hospital.storyboard in Resources */,
				D715B9F824DA16CB00CFCEB0 /* Assets.xcassets in Resources */,
				D715BA0824DA18AE00CFCEB0 /* Cairo-Regular.ttf in Resources */,
				D715B9F324DA16C600CFCEB0 /* Main.storyboard in Resources */,
				D7321A2B24DB103A00CC109A /* GoogleService-Info.plist in Resources */,
				D715BA0C24DA18AE00CFCEB0 /* Cairo-Bold.ttf in Resources */,
				D715BA0B24DA18AE00CFCEB0 /* Cairo-Light.ttf in Resources */,
			);
			runOnlyForDeploymentPostprocessing = 0;
		};
/* End PBXResourcesBuildPhase section */

/* Begin PBXShellScriptBuildPhase section */
		27390FA66F103C8E8FF33877 /* [CP] Embed Pods Frameworks */ = {
			isa = PBXShellScriptBuildPhase;
			buildActionMask = 2147483647;
			files = (
			);
			inputFileListPaths = (
				"${PODS_ROOT}/Target Support Files/Pods-BloodSystem/Pods-BloodSystem-frameworks-${CONFIGURATION}-input-files.xcfilelist",
			);
			name = "[CP] Embed Pods Frameworks";
			outputFileListPaths = (
				"${PODS_ROOT}/Target Support Files/Pods-BloodSystem/Pods-BloodSystem-frameworks-${CONFIGURATION}-output-files.xcfilelist",
			);
			runOnlyForDeploymentPostprocessing = 0;
			shellPath = /bin/sh;
			shellScript = "\"${PODS_ROOT}/Target Support Files/Pods-BloodSystem/Pods-BloodSystem-frameworks.sh\"\n";
			showEnvVarsInLog = 0;
		};
		9499F6D80084D35AC6A3B60D /* [CP] Copy Pods Resources */ = {
			isa = PBXShellScriptBuildPhase;
			buildActionMask = 2147483647;
			files = (
			);
			inputFileListPaths = (
				"${PODS_ROOT}/Target Support Files/Pods-BloodSystem/Pods-BloodSystem-resources-${CONFIGURATION}-input-files.xcfilelist",
			);
			name = "[CP] Copy Pods Resources";
			outputFileListPaths = (
				"${PODS_ROOT}/Target Support Files/Pods-BloodSystem/Pods-BloodSystem-resources-${CONFIGURATION}-output-files.xcfilelist",
			);
			runOnlyForDeploymentPostprocessing = 0;
			shellPath = /bin/sh;
			shellScript = "\"${PODS_ROOT}/Target Support Files/Pods-BloodSystem/Pods-BloodSystem-resources.sh\"\n";
			showEnvVarsInLog = 0;
		};
		9E07744B41E556ADF6457B05 /* [CP] Check Pods Manifest.lock */ = {
			isa = PBXShellScriptBuildPhase;
			buildActionMask = 2147483647;
			files = (
			);
			inputFileListPaths = (
			);
			inputPaths = (
				"${PODS_PODFILE_DIR_PATH}/Podfile.lock",
				"${PODS_ROOT}/Manifest.lock",
			);
			name = "[CP] Check Pods Manifest.lock";
			outputFileListPaths = (
			);
			outputPaths = (
				"$(DERIVED_FILE_DIR)/Pods-BloodSystem-checkManifestLockResult.txt",
			);
			runOnlyForDeploymentPostprocessing = 0;
			shellPath = /bin/sh;
			shellScript = "diff \"${PODS_PODFILE_DIR_PATH}/Podfile.lock\" \"${PODS_ROOT}/Manifest.lock\" > /dev/null\nif [ $? != 0 ] ; then\n    # print error to STDERR\n    echo \"error: The sandbox is not in sync with the Podfile.lock. Run 'pod install' or update your CocoaPods installation.\" >&2\n    exit 1\nfi\n# This output is used by Xcode 'outputs' to avoid re-running this script phase.\necho \"SUCCESS\" > \"${SCRIPT_OUTPUT_FILE_0}\"\n";
			showEnvVarsInLog = 0;
		};
/* End PBXShellScriptBuildPhase section */

/* Begin PBXSourcesBuildPhase section */
		D715B9E424DA16C600CFCEB0 /* Sources */ = {
			isa = PBXSourcesBuildPhase;
			buildActionMask = 2147483647;
			files = (
				D7321A2924DB0DC900CC109A /* TESTVC.swift in Sources */,
				D715B9F024DA16C600CFCEB0 /* HomeVC.swift in Sources */,
				D715BA2224DA23EB00CFCEB0 /* Toast.swift in Sources */,
				D715B9F624DA16C600CFCEB0 /* BloodSystem.xcdatamodeld in Sources */,
				D77FD33E24DA6E2200FC067B /* StartVC.swift in Sources */,
				D715BA1224DA203300CFCEB0 /* LoginVC.swift in Sources */,
				D7321A2724DB098000CC109A /* UPload.swift in Sources */,
				D715BA2824DA36BE00CFCEB0 /* HomeLocationVC.swift in Sources */,
				D77FD33C24DA64AB00FC067B /* HomeHospitalVC.swift in Sources */,
				D77FD34424DA7C2500FC067B /* UploadVC.swift in Sources */,
				D715B9EC24DA16C600CFCEB0 /* AppDelegate.swift in Sources */,
				D715BA1C24DA234900CFCEB0 /* LoginModel.swift in Sources */,
				D715BA3624DA58AA00CFCEB0 /* LoginHospitalVC.swift in Sources */,
				D715BA1924DA230E00CFCEB0 /* NetworkManager.swift in Sources */,
				D715BA2A24DA377300CFCEB0 /* PatientVC.swift in Sources */,
				D715BA2624DA33DC00CFCEB0 /* LocationVC.swift in Sources */,
				D715BA2E24DA4BF200CFCEB0 /* FirstType.swift in Sources */,
				D715BA3224DA4CB200CFCEB0 /* HospitalsModel.swift in Sources */,
				D715BA2024DA239B00CFCEB0 /* RegisterModel.swift in Sources */,
				D715BA3024DA4C0100CFCEB0 /* SecondType.swift in Sources */,
				D77FD34224DA77BA00FC067B /* NetworkHelper.swift in Sources */,
				D715B9EE24DA16C600CFCEB0 /* SceneDelegate.swift in Sources */,
				D715BA1424DA225F00CFCEB0 /* BaseViewController.swift in Sources */,
				D715BA1024DA1A6D00CFCEB0 /* DesignButton.swift in Sources */,
				D715BA1E24DA237C00CFCEB0 /* LoginHospital.swift in Sources */,
				D715BA2C24DA381600CFCEB0 /* DonorVC.swift in Sources */,
				D77FD34024DA759A00FC067B /* EditVC.swift in Sources */,
				D715BA2424DA26FE00CFCEB0 /* RegisterVC.swift in Sources */,
			);
			runOnlyForDeploymentPostprocessing = 0;
		};
/* End PBXSourcesBuildPhase section */

/* Begin PBXVariantGroup section */
		D715B9F124DA16C600CFCEB0 /* Main.storyboard */ = {
			isa = PBXVariantGroup;
			children = (
				D715B9F224DA16C600CFCEB0 /* Base */,
			);
			name = Main.storyboard;
			sourceTree = "<group>";
		};
		D715B9F924DA16CB00CFCEB0 /* LaunchScreen.storyboard */ = {
			isa = PBXVariantGroup;
			children = (
				D715B9FA24DA16CB00CFCEB0 /* Base */,
			);
			name = LaunchScreen.storyboard;
			sourceTree = "<group>";
		};
/* End PBXVariantGroup section */

/* Begin XCBuildConfiguration section */
		D715B9FD24DA16CB00CFCEB0 /* Debug */ = {
			isa = XCBuildConfiguration;
			buildSettings = {
				ALWAYS_SEARCH_USER_PATHS = NO;
				CLANG_ANALYZER_NONNULL = YES;
				CLANG_ANALYZER_NUMBER_OBJECT_CONVERSION = YES_AGGRESSIVE;
				CLANG_CXX_LANGUAGE_STANDARD = "gnu++14";
				CLANG_CXX_LIBRARY = "libc++";
				CLANG_ENABLE_MODULES = YES;
				CLANG_ENABLE_OBJC_ARC = YES;
				CLANG_ENABLE_OBJC_WEAK = YES;
				CLANG_WARN_BLOCK_CAPTURE_AUTORELEASING = YES;
				CLANG_WARN_BOOL_CONVERSION = YES;
				CLANG_WARN_COMMA = YES;
				CLANG_WARN_CONSTANT_CONVERSION = YES;
				CLANG_WARN_DEPRECATED_OBJC_IMPLEMENTATIONS = YES;
				CLANG_WARN_DIRECT_OBJC_ISA_USAGE = YES_ERROR;
				CLANG_WARN_DOCUMENTATION_COMMENTS = YES;
				CLANG_WARN_EMPTY_BODY = YES;
				CLANG_WARN_ENUM_CONVERSION = YES;
				CLANG_WARN_INFINITE_RECURSION = YES;
				CLANG_WARN_INT_CONVERSION = YES;
				CLANG_WARN_NON_LITERAL_NULL_CONVERSION = YES;
				CLANG_WARN_OBJC_IMPLICIT_RETAIN_SELF = YES;
				CLANG_WARN_OBJC_LITERAL_CONVERSION = YES;
				CLANG_WARN_OBJC_ROOT_CLASS = YES_ERROR;
				CLANG_WARN_RANGE_LOOP_ANALYSIS = YES;
				CLANG_WARN_STRICT_PROTOTYPES = YES;
				CLANG_WARN_SUSPICIOUS_MOVE = YES;
				CLANG_WARN_UNGUARDED_AVAILABILITY = YES_AGGRESSIVE;
				CLANG_WARN_UNREACHABLE_CODE = YES;
				CLANG_WARN__DUPLICATE_METHOD_MATCH = YES;
				COPY_PHASE_STRIP = NO;
				DEBUG_INFORMATION_FORMAT = dwarf;
				ENABLE_STRICT_OBJC_MSGSEND = YES;
				ENABLE_TESTABILITY = YES;
				GCC_C_LANGUAGE_STANDARD = gnu11;
				GCC_DYNAMIC_NO_PIC = NO;
				GCC_NO_COMMON_BLOCKS = YES;
				GCC_OPTIMIZATION_LEVEL = 0;
				GCC_PREPROCESSOR_DEFINITIONS = (
					"DEBUG=1",
					"$(inherited)",
				);
				GCC_WARN_64_TO_32_BIT_CONVERSION = YES;
				GCC_WARN_ABOUT_RETURN_TYPE = YES_ERROR;
				GCC_WARN_UNDECLARED_SELECTOR = YES;
				GCC_WARN_UNINITIALIZED_AUTOS = YES_AGGRESSIVE;
				GCC_WARN_UNUSED_FUNCTION = YES;
				GCC_WARN_UNUSED_VARIABLE = YES;
				IPHONEOS_DEPLOYMENT_TARGET = 13.4;
				MTL_ENABLE_DEBUG_INFO = INCLUDE_SOURCE;
				MTL_FAST_MATH = YES;
				ONLY_ACTIVE_ARCH = YES;
				SDKROOT = iphoneos;
				SWIFT_ACTIVE_COMPILATION_CONDITIONS = DEBUG;
				SWIFT_OPTIMIZATION_LEVEL = "-Onone";
			};
			name = Debug;
		};
		D715B9FE24DA16CB00CFCEB0 /* Release */ = {
			isa = XCBuildConfiguration;
			buildSettings = {
				ALWAYS_SEARCH_USER_PATHS = NO;
				CLANG_ANALYZER_NONNULL = YES;
				CLANG_ANALYZER_NUMBER_OBJECT_CONVERSION = YES_AGGRESSIVE;
				CLANG_CXX_LANGUAGE_STANDARD = "gnu++14";
				CLANG_CXX_LIBRARY = "libc++";
				CLANG_ENABLE_MODULES = YES;
				CLANG_ENABLE_OBJC_ARC = YES;
				CLANG_ENABLE_OBJC_WEAK = YES;
				CLANG_WARN_BLOCK_CAPTURE_AUTORELEASING = YES;
				CLANG_WARN_BOOL_CONVERSION = YES;
				CLANG_WARN_COMMA = YES;
				CLANG_WARN_CONSTANT_CONVERSION = YES;
				CLANG_WARN_DEPRECATED_OBJC_IMPLEMENTATIONS = YES;
				CLANG_WARN_DIRECT_OBJC_ISA_USAGE = YES_ERROR;
				CLANG_WARN_DOCUMENTATION_COMMENTS = YES;
				CLANG_WARN_EMPTY_BODY = YES;
				CLANG_WARN_ENUM_CONVERSION = YES;
				CLANG_WARN_INFINITE_RECURSION = YES;
				CLANG_WARN_INT_CONVERSION = YES;
				CLANG_WARN_NON_LITERAL_NULL_CONVERSION = YES;
				CLANG_WARN_OBJC_IMPLICIT_RETAIN_SELF = YES;
				CLANG_WARN_OBJC_LITERAL_CONVERSION = YES;
				CLANG_WARN_OBJC_ROOT_CLASS = YES_ERROR;
				CLANG_WARN_RANGE_LOOP_ANALYSIS = YES;
				CLANG_WARN_STRICT_PROTOTYPES = YES;
				CLANG_WARN_SUSPICIOUS_MOVE = YES;
				CLANG_WARN_UNGUARDED_AVAILABILITY = YES_AGGRESSIVE;
				CLANG_WARN_UNREACHABLE_CODE = YES;
				CLANG_WARN__DUPLICATE_METHOD_MATCH = YES;
				COPY_PHASE_STRIP = NO;
				DEBUG_INFORMATION_FORMAT = "dwarf-with-dsym";
				ENABLE_NS_ASSERTIONS = NO;
				ENABLE_STRICT_OBJC_MSGSEND = YES;
				GCC_C_LANGUAGE_STANDARD = gnu11;
				GCC_NO_COMMON_BLOCKS = YES;
				GCC_WARN_64_TO_32_BIT_CONVERSION = YES;
				GCC_WARN_ABOUT_RETURN_TYPE = YES_ERROR;
				GCC_WARN_UNDECLARED_SELECTOR = YES;
				GCC_WARN_UNINITIALIZED_AUTOS = YES_AGGRESSIVE;
				GCC_WARN_UNUSED_FUNCTION = YES;
				GCC_WARN_UNUSED_VARIABLE = YES;
				IPHONEOS_DEPLOYMENT_TARGET = 13.4;
				MTL_ENABLE_DEBUG_INFO = NO;
				MTL_FAST_MATH = YES;
				SDKROOT = iphoneos;
				SWIFT_COMPILATION_MODE = wholemodule;
				SWIFT_OPTIMIZATION_LEVEL = "-O";
				VALIDATE_PRODUCT = YES;
			};
			name = Release;
		};
		D715BA0024DA16CB00CFCEB0 /* Debug */ = {
			isa = XCBuildConfiguration;
			baseConfigurationReference = 95614F8097EF17B856047F3B /* Pods-BloodSystem.debug.xcconfig */;
			buildSettings = {
				ASSETCATALOG_COMPILER_APPICON_NAME = AppIcon;
				CODE_SIGN_STYLE = Automatic;
				INFOPLIST_FILE = BloodSystem/Info.plist;
				LD_RUNPATH_SEARCH_PATHS = (
					"$(inherited)",
					"@executable_path/Frameworks",
				);
				PRODUCT_BUNDLE_IDENTIFIER = hany.BloodSystem;
				PRODUCT_NAME = "$(TARGET_NAME)";
				SWIFT_VERSION = 5.0;
				TARGETED_DEVICE_FAMILY = "1,2";
			};
			name = Debug;
		};
		D715BA0124DA16CB00CFCEB0 /* Release */ = {
			isa = XCBuildConfiguration;
			baseConfigurationReference = 3B96514D6C40B5A66266AAD3 /* Pods-BloodSystem.release.xcconfig */;
			buildSettings = {
				ASSETCATALOG_COMPILER_APPICON_NAME = AppIcon;
				CODE_SIGN_STYLE = Automatic;
				INFOPLIST_FILE = BloodSystem/Info.plist;
				LD_RUNPATH_SEARCH_PATHS = (
					"$(inherited)",
					"@executable_path/Frameworks",
				);
				PRODUCT_BUNDLE_IDENTIFIER = hany.BloodSystem;
				PRODUCT_NAME = "$(TARGET_NAME)";
				SWIFT_VERSION = 5.0;
				TARGETED_DEVICE_FAMILY = "1,2";
			};
			name = Release;
		};
/* End XCBuildConfiguration section */

/* Begin XCConfigurationList section */
		D715B9E324DA16C600CFCEB0 /* Build configuration list for PBXProject "BloodSystem" */ = {
			isa = XCConfigurationList;
			buildConfigurations = (
				D715B9FD24DA16CB00CFCEB0 /* Debug */,
				D715B9FE24DA16CB00CFCEB0 /* Release */,
			);
			defaultConfigurationIsVisible = 0;
			defaultConfigurationName = Release;
		};
		D715B9FF24DA16CB00CFCEB0 /* Build configuration list for PBXNativeTarget "BloodSystem" */ = {
			isa = XCConfigurationList;
			buildConfigurations = (
				D715BA0024DA16CB00CFCEB0 /* Debug */,
				D715BA0124DA16CB00CFCEB0 /* Release */,
			);
			defaultConfigurationIsVisible = 0;
			defaultConfigurationName = Release;
		};
/* End XCConfigurationList section */

/* Begin XCVersionGroup section */
		D715B9F424DA16C600CFCEB0 /* BloodSystem.xcdatamodeld */ = {
			isa = XCVersionGroup;
			children = (
				D715B9F524DA16C600CFCEB0 /* BloodSystem.xcdatamodel */,
			);
			currentVersion = D715B9F524DA16C600CFCEB0 /* BloodSystem.xcdatamodel */;
			path = BloodSystem.xcdatamodeld;
			sourceTree = "<group>";
			versionGroupType = wrapper.xcdatamodel;
		};
/* End XCVersionGroup section */
	};
	rootObject = D715B9E024DA16C600CFCEB0 /* Project object */;
}
